{
  "name": "mario-more",
  "lockfileVersion": 3,
  "requires": true,
  "packages": {
    "": {
      "dependencies": {
        "embla-carousel": "^8.0.2"
      }
    },
    "node_modules/embla-carousel": {
      "version": "8.0.2",
      "resolved": "https://registry.npmjs.org/embla-carousel/-/embla-carousel-8.0.2.tgz",
      "integrity": "sha512-bogsDO8xosuh/l3PxIvA5AMl3+BnRVAse9sDW/60amzj4MbGS5re4WH5eVEXiuH8G1/3G7QUAX2QNr3Yx8z5rA=="
    }
  }
}
